
Microsoft Visual Studio Solution File, Format Version 11.00
# Visual Studio 2010
Project("{FAE04EC0-301F-11D3-BF4B-00C04F79EFBC}") = "Condominios", "Condominios\Condominios.csproj", "{95AE0B5E-BE36-4098-9192-8C8B632E9F92}"
	ProjectSection(ProjectDependencies) = postProject
		{E893B4FF-2955-4334-8AF1-5C984D23CFEE} = {E893B4FF-2955-4334-8AF1-5C984D23CFEE}
	EndProjectSection
EndProject
Project("{FAE04EC0-301F-11D3-BF4B-00C04F79EFBC}") = "SOAPService", "SOAPService\SOAPService.csproj", "{E893B4FF-2955-4334-8AF1-5C984D23CFEE}"
EndProject
Project("{2150E333-8FDC-42A3-9474-1A3956D46DE8}") = "Solution Items", "Solution Items", "{E17F029C-19DB-41B6-80DF-185ADF1AF7AD}"
	ProjectSection(SolutionItems) = preProject
		Local.testsettings = Local.testsettings
		Solucion.vsmdi = Solucion.vsmdi
		TraceAndTestImpact.testsettings = TraceAndTestImpact.testsettings
	EndProjectSection
EndProject
Project("{2150E333-8FDC-42A3-9474-1A3956D46DE8}") = "Librerias", "Librerias", "{EC717E02-F8EE-4D67-BE3A-6FCA337A4B66}"
	ProjectSection(SolutionItems) = preProject
		Librerias\Common.Logging.dll = Librerias\Common.Logging.dll
		Librerias\Iesi.Collections.dll = Librerias\Iesi.Collections.dll
		Librerias\NHibernate.dll = Librerias\NHibernate.dll
		Librerias\nunit.framework.dll = Librerias\nunit.framework.dll
		Librerias\Spring.Core.dll = Librerias\Spring.Core.dll
		Librerias\Spring.Web.dll = Librerias\Spring.Web.dll
		Librerias\Spring.Web.Extensions.dll = Librerias\Spring.Web.Extensions.dll
		Librerias\Spring.Web.Mvc.dll = Librerias\Spring.Web.Mvc.dll
	EndProjectSection
EndProject
Project("{FAE04EC0-301F-11D3-BF4B-00C04F79EFBC}") = "RESTService", "RESTService\RESTService.csproj", "{26E123EB-C260-4E02-9453-D0AE14E8C29F}"
EndProject
Project("{FAE04EC0-301F-11D3-BF4B-00C04F79EFBC}") = "RESTTest", "RESTTest\RESTTest.csproj", "{10EECC27-F36E-4031-B483-D402224BB1C6}"
EndProject
Project("{FAE04EC0-301F-11D3-BF4B-00C04F79EFBC}") = "SOAPServiceTest", "SOAPServiceTest\SOAPServiceTest.csproj", "{793A2CF1-C031-405C-8719-797631102B92}"
	ProjectSection(ProjectDependencies) = postProject
		{E893B4FF-2955-4334-8AF1-5C984D23CFEE} = {E893B4FF-2955-4334-8AF1-5C984D23CFEE}
	EndProjectSection
EndProject
Global
	GlobalSection(SubversionScc) = preSolution
		Svn-Managed = True
		Manager = AnkhSVN - Subversion Support for Visual Studio
	EndGlobalSection
	GlobalSection(TestCaseManagementSettings) = postSolution
		CategoryFile = Solucion.vsmdi
	EndGlobalSection
	GlobalSection(SolutionConfigurationPlatforms) = preSolution
		Debug|Any CPU = Debug|Any CPU
		Release|Any CPU = Release|Any CPU
	EndGlobalSection
	GlobalSection(ProjectConfigurationPlatforms) = postSolution
		{95AE0B5E-BE36-4098-9192-8C8B632E9F92}.Debug|Any CPU.ActiveCfg = Debug|Any CPU
		{95AE0B5E-BE36-4098-9192-8C8B632E9F92}.Debug|Any CPU.Build.0 = Debug|Any CPU
		{95AE0B5E-BE36-4098-9192-8C8B632E9F92}.Release|Any CPU.ActiveCfg = Release|Any CPU
		{95AE0B5E-BE36-4098-9192-8C8B632E9F92}.Release|Any CPU.Build.0 = Release|Any CPU
		{E893B4FF-2955-4334-8AF1-5C984D23CFEE}.Debug|Any CPU.ActiveCfg = Debug|Any CPU
		{E893B4FF-2955-4334-8AF1-5C984D23CFEE}.Debug|Any CPU.Build.0 = Debug|Any CPU
		{E893B4FF-2955-4334-8AF1-5C984D23CFEE}.Release|Any CPU.ActiveCfg = Release|Any CPU
		{E893B4FF-2955-4334-8AF1-5C984D23CFEE}.Release|Any CPU.Build.0 = Release|Any CPU
		{26E123EB-C260-4E02-9453-D0AE14E8C29F}.Debug|Any CPU.ActiveCfg = Debug|Any CPU
		{26E123EB-C260-4E02-9453-D0AE14E8C29F}.Debug|Any CPU.Build.0 = Debug|Any CPU
		{26E123EB-C260-4E02-9453-D0AE14E8C29F}.Release|Any CPU.ActiveCfg = Release|Any CPU
		{26E123EB-C260-4E02-9453-D0AE14E8C29F}.Release|Any CPU.Build.0 = Release|Any CPU
		{10EECC27-F36E-4031-B483-D402224BB1C6}.Debug|Any CPU.ActiveCfg = Debug|Any CPU
		{10EECC27-F36E-4031-B483-D402224BB1C6}.Debug|Any CPU.Build.0 = Debug|Any CPU
		{10EECC27-F36E-4031-B483-D402224BB1C6}.Release|Any CPU.ActiveCfg = Release|Any CPU
		{10EECC27-F36E-4031-B483-D402224BB1C6}.Release|Any CPU.Build.0 = Release|Any CPU
		{793A2CF1-C031-405C-8719-797631102B92}.Debug|Any CPU.ActiveCfg = Debug|Any CPU
		{793A2CF1-C031-405C-8719-797631102B92}.Debug|Any CPU.Build.0 = Debug|Any CPU
		{793A2CF1-C031-405C-8719-797631102B92}.Release|Any CPU.ActiveCfg = Release|Any CPU
		{793A2CF1-C031-405C-8719-797631102B92}.Release|Any CPU.Build.0 = Release|Any CPU
	EndGlobalSection
	GlobalSection(SolutionProperties) = preSolution
		HideSolutionNode = FALSE
	EndGlobalSection
EndGlobal
